
Microsoft Visual Studio Solution File, Format Version 12.00
# Visual Studio 15
VisualStudioVersion = 15.0.27428.2037
MinimumVisualStudioVersion = 10.0.40219.1
Project("{FAE04EC0-301F-11D3-BF4B-00C04F79EFBC}") = "Server", "Server\Server.csproj", "{D84B49CA-FFA5-4F36-9EA9-6071D0A972A0}"
EndProject
Global
	GlobalSection(SolutionConfigurationPlatforms) = preSolution
		Debug|Any CPU = Debug|Any CPU
		Release|Any CPU = Release|Any CPU
	EndGlobalSection
	GlobalSection(ProjectConfigurationPlatforms) = postSolution
		{D84B49CA-FFA5-4F36-9EA9-6071D0A972A0}.Debug|Any CPU.ActiveCfg = Debug|Any CPU
		{D84B49CA-FFA5-4F36-9EA9-6071D0A972A0}.Debug|Any CPU.Build.0 = Debug|Any CPU
		{D84B49CA-FFA5-4F36-9EA9-6071D0A972A0}.Release|Any CPU.ActiveCfg = Release|Any CPU
		{D84B49CA-FFA5-4F36-9EA9-6071D0A972A0}.Release|Any CPU.Build.0 = Release|Any CPU
	EndGlobalSection
	GlobalSection(SolutionProperties) = preSolution
		HideSolutionNode = FALSE
	EndGlobalSection
	GlobalSection(ExtensibilityGlobals) = postSolution
		SolutionGuid = {062E67B4-D2A1-4A01-A5FF-8B640D72733A}
	EndGlobalSection
EndGlobal
